{
  "name": "djs-buttons-pagination",
  "version": "1.0.0",
  "lockfileVersion": 1,
  "requires": true,
  "dependencies": {
    "@discordjs/builders": {
      "version": "0.1.1",
      "resolved": "https://registry.npmjs.org/@discordjs/builders/-/builders-0.1.1.tgz",
      "integrity": "sha512-9eBC22bX2HBsob5ixMwZ6quy/vewU5GHuSJhpmSZ3cDGg8XPnrYdzbwI54U+V9kQBTa7M+aMu1lYVqMEPojj8A==",
      "requires": {
        "discord-api-types": "^0.18.1",
        "tslib": "^2.3.0"
      },
      "dependencies": {
        "discord-api-types": {
          "version": "0.18.1",
          "resolved": "https://registry.npmjs.org/discord-api-types/-/discord-api-types-0.18.1.tgz",
          "integrity": "sha512-hNC38R9ZF4uaujaZQtQfm5CdQO58uhdkoHQAVvMfIL0LgOSZeW575W8H6upngQOuoxWd8tiRII3LLJm9zuQKYg=="
        }
      }
    },
    "@discordjs/collection": {
      "version": "0.1.6",
      "resolved": "https://registry.npmjs.org/@discordjs/collection/-/collection-0.1.6.tgz",
      "integrity": "sha512-utRNxnd9kSS2qhyivo9lMlt5qgAUasH2gb7BEOn6p0efFh24gjGomHzWKMAPn2hEReOPQZCJaRKoURwRotKucQ=="
    },
    "@discordjs/form-data": {
      "version": "3.0.1",
      "resolved": "https://registry.npmjs.org/@discordjs/form-data/-/form-data-3.0.1.tgz",
      "integrity": "sha512-ZfFsbgEXW71Rw/6EtBdrP5VxBJy4dthyC0tpQKGKmYFImlmmrykO14Za+BiIVduwjte0jXEBlhSKf0MWbFp9Eg==",
      "requires": {
        "asynckit": "^0.4.0",
        "combined-stream": "^1.0.8",
        "mime-types": "^2.1.12"
      }
    },
    "@sapphire/async-queue": {
      "version": "1.1.4",
      "resolved": "https://registry.npmjs.org/@sapphire/async-queue/-/async-queue-1.1.4.tgz",
      "integrity": "sha512-fFrlF/uWpGOX5djw5Mu2Hnnrunao75WGey0sP0J3jnhmrJ5TAPzHYOmytD5iN/+pMxS+f+u/gezqHa9tPhRHEA=="
    },
    "@types/node": {
      "version": "15.14.0",
      "resolved": "https://registry.npmjs.org/@types/node/-/node-15.14.0.tgz",
      "integrity": "sha512-um/+/ip3QZmwLfIkWZSNtQIJNVAqrJ92OkLMeuZrjZMTAJniI7fh8N8OICyDhAJ2mzgk/fmYFo72jRr5HyZ1EQ=="
    },
    "@types/ws": {
      "version": "7.4.5",
      "resolved": "https://registry.npmjs.org/@types/ws/-/ws-7.4.5.tgz",
      "integrity": "sha512-8mbDgtc8xpxDDem5Gwj76stBDJX35KQ3YBoayxlqUQcL5BZUthiqP/VQ4PQnLHqM4PmlbyO74t98eJpURO+gPA==",
      "requires": {
        "@types/node": "*"
      }
    },
    "abort-controller": {
      "version": "3.0.0",
      "resolved": "https://registry.npmjs.org/abort-controller/-/abort-controller-3.0.0.tgz",
      "integrity": "sha512-h8lQ8tacZYnR3vNQTgibj+tODHI5/+l06Au2Pcriv/Gmet0eaj4TwWH41sO9wnHDiQsEj19q0drzdWdeAHtweg==",
      "requires": {
        "event-target-shim": "^5.0.0"
      }
    },
    "asynckit": {
      "version": "0.4.0",
      "resolved": "https://registry.npmjs.org/asynckit/-/asynckit-0.4.0.tgz",
      "integrity": "sha1-x57Zf380y48robyXkLzDZkdLS3k="
    },
    "combined-stream": {
      "version": "1.0.8",
      "resolved": "https://registry.npmjs.org/combined-stream/-/combined-stream-1.0.8.tgz",
      "integrity": "sha512-FQN4MRfuJeHf7cBbBMJFXhKSDq+2kAArBlmRBvcvFE5BB1HZKXtSFASDhdlz9zOYwxh8lDdnvmMOe/+5cdoEdg==",
      "requires": {
        "delayed-stream": "~1.0.0"
      }
    },
    "delayed-stream": {
      "version": "1.0.0",
      "resolved": "https://registry.npmjs.org/delayed-stream/-/delayed-stream-1.0.0.tgz",
      "integrity": "sha1-3zrhmayt+31ECqrgsp4icrJOxhk="
    },
    "discord-api-types": {
      "version": "0.19.0-next.f393ba520d7d6d2aacaca7b3ca5d355fab614f6e",
      "resolved": "https://registry.npmjs.org/discord-api-types/-/discord-api-types-0.19.0-next.f393ba520d7d6d2aacaca7b3ca5d355fab614f6e.tgz",
      "integrity": "sha512-ttRA/8e/WKHDbGFfED5WlS7gID+kalmNr6iMiWBCvkphQ7kFHiTOVbnj/zX9ksaRaYXp/I38SCQ+qZvLu8DJZg=="
    },
    "discord.js": {
      "version": "13.0.0-dev.fe6cc0c.1625184228",
      "resolved": "https://registry.npmjs.org/discord.js/-/discord.js-13.0.0-dev.fe6cc0c.1625184228.tgz",
      "integrity": "sha512-Us2PFPRjS43T4NRTWuiv6vZFuDD1h1Hfpwgk6PEeHBTNnDIlwuA6n9djq2PtJjQ+iFgRTur5IrcF4kyok1/1sA==",
      "requires": {
        "@discordjs/builders": "^0.1.1",
        "@discordjs/collection": "^0.1.6",
        "@discordjs/form-data": "^3.0.1",
        "@sapphire/async-queue": "^1.1.4",
        "@types/ws": "^7.4.5",
        "abort-controller": "^3.0.0",
        "discord-api-types": "^0.19.0-next.f393ba520d7d6d2aacaca7b3ca5d355fab614f6e",
        "node-fetch": "^2.6.1",
        "ws": "^7.5.1"
      }
    },
    "event-target-shim": {
      "version": "5.0.1",
      "resolved": "https://registry.npmjs.org/event-target-shim/-/event-target-shim-5.0.1.tgz",
      "integrity": "sha512-i/2XbnSz/uxRCU6+NdVJgKWDTM427+MqYbkQzD321DuCQJUqOuJKIA0IM2+W2xtYHdKOmZ4dR6fExsd4SXL+WQ=="
    },
    "mime-db": {
      "version": "1.48.0",
      "resolved": "https://registry.npmjs.org/mime-db/-/mime-db-1.48.0.tgz",
      "integrity": "sha512-FM3QwxV+TnZYQ2aRqhlKBMHxk10lTbMt3bBkMAp54ddrNeVSfcQYOOKuGuy3Ddrm38I04If834fOUSq1yzslJQ=="
    },
    "mime-types": {
      "version": "2.1.31",
      "resolved": "https://registry.npmjs.org/mime-types/-/mime-types-2.1.31.tgz",
      "integrity": "sha512-XGZnNzm3QvgKxa8dpzyhFTHmpP3l5YNusmne07VUOXxou9CqUqYa/HBy124RqtVh/O2pECas/MOcsDgpilPOPg==",
      "requires": {
        "mime-db": "1.48.0"
      }
    },
    "node-fetch": {
      "version": "2.6.1",
      "resolved": "https://registry.npmjs.org/node-fetch/-/node-fetch-2.6.1.tgz",
      "integrity": "sha512-V4aYg89jEoVRxRb2fJdAg8FHvI7cEyYdVAh94HH0UIK8oJxUfkjlDQN9RbMx+bEjP7+ggMiFRprSti032Oipxw=="
    },
    "tslib": {
      "version": "2.3.0",
      "resolved": "https://registry.npmjs.org/tslib/-/tslib-2.3.0.tgz",
      "integrity": "sha512-N82ooyxVNm6h1riLCoyS9e3fuJ3AMG2zIZs2Gd1ATcSFjSA23Q0fzjjZeh0jbJvWVDZ0cJT8yaNNaaXHzueNjg=="
    },
    "ws": {
      "version": "7.5.1",
      "resolved": "https://registry.npmjs.org/ws/-/ws-7.5.1.tgz",
      "integrity": "sha512-2c6faOUH/nhoQN6abwMloF7Iyl0ZS2E9HGtsiLrWn0zOOMWlhtDmdf/uihDt6jnuCxgtwGBNy6Onsoy2s2O2Ow=="
    }
  }
}
